
Microsoft Visual Studio Solution File, Format Version 12.00
# Visual Studio 15
VisualStudioVersion = 15.0.27004.2002
MinimumVisualStudioVersion = 10.0.40219.1
Project("{FAE04EC0-301F-11D3-BF4B-00C04F79EFBC}") = "Dal", "Dal\Dal.csproj", "{87CFBCCF-272E-43F3-A0EC-ECF5DB517B2E}"
EndProject
Project("{FAE04EC0-301F-11D3-BF4B-00C04F79EFBC}") = "Web", "Web\Web.csproj", "{A4F624DD-6909-4A4A-A919-ED30A812EBA3}"
EndProject
Global
	GlobalSection(SolutionConfigurationPlatforms) = preSolution
		Debug|Any CPU = Debug|Any CPU
		Release|Any CPU = Release|Any CPU
	EndGlobalSection
	GlobalSection(ProjectConfigurationPlatforms) = postSolution
		{87CFBCCF-272E-43F3-A0EC-ECF5DB517B2E}.Debug|Any CPU.ActiveCfg = Debug|Any CPU
		{87CFBCCF-272E-43F3-A0EC-ECF5DB517B2E}.Debug|Any CPU.Build.0 = Debug|Any CPU
		{87CFBCCF-272E-43F3-A0EC-ECF5DB517B2E}.Release|Any CPU.ActiveCfg = Release|Any CPU
		{87CFBCCF-272E-43F3-A0EC-ECF5DB517B2E}.Release|Any CPU.Build.0 = Release|Any CPU
		{A4F624DD-6909-4A4A-A919-ED30A812EBA3}.Debug|Any CPU.ActiveCfg = Debug|Any CPU
		{A4F624DD-6909-4A4A-A919-ED30A812EBA3}.Debug|Any CPU.Build.0 = Debug|Any CPU
		{A4F624DD-6909-4A4A-A919-ED30A812EBA3}.Release|Any CPU.ActiveCfg = Release|Any CPU
		{A4F624DD-6909-4A4A-A919-ED30A812EBA3}.Release|Any CPU.Build.0 = Release|Any CPU
	EndGlobalSection
	GlobalSection(SolutionProperties) = preSolution
		HideSolutionNode = FALSE
	EndGlobalSection
	GlobalSection(ExtensibilityGlobals) = postSolution
		SolutionGuid = {21B0842F-A22D-4993-82EE-13DEFBB0C845}
	EndGlobalSection
EndGlobal
